// !$*UTF8*$!
{
	archiveVersion = 1;
	classes = {
	};
	objectVersion = 50;
	objects = {

/* Begin PBXBuildFile section */
		51066137224F2D61006EA85D /* AppDelegate.swift in Sources */ = {isa = PBXBuildFile; fileRef = 51066136224F2D61006EA85D /* AppDelegate.swift */; };
		5106613C224F2D61006EA85D /* Main.storyboard in Resources */ = {isa = PBXBuildFile; fileRef = 5106613A224F2D61006EA85D /* Main.storyboard */; };
		5106613E224F2D62006EA85D /* Assets.xcassets in Resources */ = {isa = PBXBuildFile; fileRef = 5106613D224F2D62006EA85D /* Assets.xcassets */; };
		51066141224F2D62006EA85D /* LaunchScreen.storyboard in Resources */ = {isa = PBXBuildFile; fileRef = 5106613F224F2D62006EA85D /* LaunchScreen.storyboard */; };
		5106614C224F2D63006EA85D /* TEXT2SPEECHTests.swift in Sources */ = {isa = PBXBuildFile; fileRef = 5106614B224F2D63006EA85D /* TEXT2SPEECHTests.swift */; };
		51066157224F2D63006EA85D /* TEXT2SPEECHUITests.swift in Sources */ = {isa = PBXBuildFile; fileRef = 51066156224F2D63006EA85D /* TEXT2SPEECHUITests.swift */; };
		5143DDA9224F49CC007695F8 /* ViewController.swift in Sources */ = {isa = PBXBuildFile; fileRef = 5143DDA8224F49CC007695F8 /* ViewController.swift */; };
/* End PBXBuildFile section */

/* Begin PBXContainerItemProxy section */
		51066148224F2D63006EA85D /* PBXContainerItemProxy */ = {
			isa = PBXContainerItemProxy;
			containerPortal = 5106612B224F2D61006EA85D /* Project object */;
			proxyType = 1;
			remoteGlobalIDString = 51066132224F2D61006EA85D;
			remoteInfo = TEXT2SPEECH;
		};
		51066153224F2D63006EA85D /* PBXContainerItemProxy */ = {
			isa = PBXContainerItemProxy;
			containerPortal = 5106612B224F2D61006EA85D /* Project object */;
			proxyType = 1;
			remoteGlobalIDString = 51066132224F2D61006EA85D;
			remoteInfo = TEXT2SPEECH;
		};
/* End PBXContainerItemProxy section */

/* Begin PBXFileReference section */
		51066133224F2D61006EA85D /* TEXT2SPEECH.app */ = {isa = PBXFileReference; explicitFileType = wrapper.application; includeInIndex = 0; path = TEXT2SPEECH.app; sourceTree = BUILT_PRODUCTS_DIR; };
		51066136224F2D61006EA85D /* AppDelegate.swift */ = {isa = PBXFileReference; lastKnownFileType = sourcecode.swift; path = AppDelegate.swift; sourceTree = "<group>"; };
		5106613B224F2D61006EA85D /* Base */ = {isa = PBXFileReference; lastKnownFileType = file.storyboard; name = Base; path = Base.lproj/Main.storyboard; sourceTree = "<group>"; };
		5106613D224F2D62006EA85D /* Assets.xcassets */ = {isa = PBXFileReference; lastKnownFileType = folder.assetcatalog; path = Assets.xcassets; sourceTree = "<group>"; };
		51066140224F2D62006EA85D /* Base */ = {isa = PBXFileReference; lastKnownFileType = file.storyboard; name = Base; path = Base.lproj/LaunchScreen.storyboard; sourceTree = "<group>"; };
		51066142224F2D62006EA85D /* Info.plist */ = {isa = PBXFileReference; lastKnownFileType = text.plist.xml; path = Info.plist; sourceTree = "<group>"; };
		51066147224F2D63006EA85D /* TEXT2SPEECHTests.xctest */ = {isa = PBXFileReference; explicitFileType = wrapper.cfbundle; includeInIndex = 0; path = TEXT2SPEECHTests.xctest; sourceTree = BUILT_PRODUCTS_DIR; };
		5106614B224F2D63006EA85D /* TEXT2SPEECHTests.swift */ = {isa = PBXFileReference; lastKnownFileType = sourcecode.swift; path = TEXT2SPEECHTests.swift; sourceTree = "<group>"; };
		5106614D224F2D63006EA85D /* Info.plist */ = {isa = PBXFileReference; lastKnownFileType = text.plist.xml; path = Info.plist; sourceTree = "<group>"; };
		51066152224F2D63006EA85D /* TEXT2SPEECHUITests.xctest */ = {isa = PBXFileReference; explicitFileType = wrapper.cfbundle; includeInIndex = 0; path = TEXT2SPEECHUITests.xctest; sourceTree = BUILT_PRODUCTS_DIR; };
		51066156224F2D63006EA85D /* TEXT2SPEECHUITests.swift */ = {isa = PBXFileReference; lastKnownFileType = sourcecode.swift; path = TEXT2SPEECHUITests.swift; sourceTree = "<group>"; };
		51066158224F2D63006EA85D /* Info.plist */ = {isa = PBXFileReference; lastKnownFileType = text.plist.xml; path = Info.plist; sourceTree = "<group>"; };
		5143DDA8224F49CC007695F8 /* ViewController.swift */ = {isa = PBXFileReference; lastKnownFileType = sourcecode.swift; name = ViewController.swift; path = ../ViewController.swift; sourceTree = "<group>"; };
/* End PBXFileReference section */

/* Begin PBXFrameworksBuildPhase section */
		51066130224F2D61006EA85D /* Frameworks */ = {
			isa = PBXFrameworksBuildPhase;
			buildActionMask = 2147483647;
			files = (
			);
			runOnlyForDeploymentPostprocessing = 0;
		};
		51066144224F2D63006EA85D /* Frameworks */ = {
			isa = PBXFrameworksBuildPhase;
			buildActionMask = 2147483647;
			files = (
			);
			runOnlyForDeploymentPostprocessing = 0;
		};
		5106614F224F2D63006EA85D /* Frameworks */ = {
			isa = PBXFrameworksBuildPhase;
			buildActionMask = 2147483647;
			files = (
			);
			runOnlyForDeploymentPostprocessing = 0;
		};
/* End PBXFrameworksBuildPhase section */

/* Begin PBXGroup section */
		5106612A224F2D61006EA85D = {
			isa = PBXGroup;
			children = (
				51066135224F2D61006EA85D /* TEXT2SPEECH */,
				5106614A224F2D63006EA85D /* TEXT2SPEECHTests */,
				51066155224F2D63006EA85D /* TEXT2SPEECHUITests */,
				51066134224F2D61006EA85D /* Products */,
			);
			sourceTree = "<group>";
		};
		51066134224F2D61006EA85D /* Products */ = {
			isa = PBXGroup;
			children = (
				51066133224F2D61006EA85D /* TEXT2SPEECH.app */,
				51066147224F2D63006EA85D /* TEXT2SPEECHTests.xctest */,
				51066152224F2D63006EA85D /* TEXT2SPEECHUITests.xctest */,
			);
			name = Products;
			sourceTree = "<group>";
		};
		51066135224F2D61006EA85D /* TEXT2SPEECH */ = {
			isa = PBXGroup;
			children = (
				5143DDA8224F49CC007695F8 /* ViewController.swift */,
				51066136224F2D61006EA85D /* AppDelegate.swift */,
				5106613A224F2D61006EA85D /* Main.storyboard */,
				5106613D224F2D62006EA85D /* Assets.xcassets */,
				5106613F224F2D62006EA85D /* LaunchScreen.storyboard */,
				51066142224F2D62006EA85D /* Info.plist */,
			);
			path = TEXT2SPEECH;
			sourceTree = "<group>";
		};
		5106614A224F2D63006EA85D /* TEXT2SPEECHTests */ = {
			isa = PBXGroup;
			children = (
				5106614B224F2D63006EA85D /* TEXT2SPEECHTests.swift */,
				5106614D224F2D63006EA85D /* Info.plist */,
			);
			path = TEXT2SPEECHTests;
			sourceTree = "<group>";
		};
		51066155224F2D63006EA85D /* TEXT2SPEECHUITests */ = {
			isa = PBXGroup;
			children = (
				51066156224F2D63006EA85D /* TEXT2SPEECHUITests.swift */,
				51066158224F2D63006EA85D /* Info.plist */,
			);
			path = TEXT2SPEECHUITests;
			sourceTree = "<group>";
		};
/* End PBXGroup section */

/* Begin PBXNativeTarget section */
		51066132224F2D61006EA85D /* TEXT2SPEECH */ = {
			isa = PBXNativeTarget;
			buildConfigurationList = 5106615B224F2D63006EA85D /* Build configuration list for PBXNativeTarget "TEXT2SPEECH" */;
			buildPhases = (
				5106612F224F2D61006EA85D /* Sources */,
				51066130224F2D61006EA85D /* Frameworks */,
				51066131224F2D61006EA85D /* Resources */,
			);
			buildRules = (
			);
			dependencies = (
			);
			name = TEXT2SPEECH;
			productName = TEXT2SPEECH;
			productReference = 51066133224F2D61006EA85D /* TEXT2SPEECH.app */;
			productType = "com.apple.product-type.application";
		};
		51066146224F2D63006EA85D /* TEXT2SPEECHTests */ = {
			isa = PBXNativeTarget;
			buildConfigurationList = 5106615E224F2D63006EA85D /* Build configuration list for PBXNativeTarget "TEXT2SPEECHTests" */;
			buildPhases = (
				51066143224F2D63006EA85D /* Sources */,
				51066144224F2D63006EA85D /* Frameworks */,
				51066145224F2D63006EA85D /* Resources */,
			);
			buildRules = (
			);
			dependencies = (
				51066149224F2D63006EA85D /* PBXTargetDependency */,
			);
			name = TEXT2SPEECHTests;
			productName = TEXT2SPEECHTests;
			productReference = 51066147224F2D63006EA85D /* TEXT2SPEECHTests.xctest */;
			productType = "com.apple.product-type.bundle.unit-test";
		};
		51066151224F2D63006EA85D /* TEXT2SPEECHUITests */ = {
			isa = PBXNativeTarget;
			buildConfigurationList = 51066161224F2D63006EA85D /* Build configuration list for PBXNativeTarget "TEXT2SPEECHUITests" */;
			buildPhases = (
				5106614E224F2D63006EA85D /* Sources */,
				5106614F224F2D63006EA85D /* Frameworks */,
				51066150224F2D63006EA85D /* Resources */,
			);
			buildRules = (
			);
			dependencies = (
				51066154224F2D63006EA85D /* PBXTargetDependency */,
			);
			name = TEXT2SPEECHUITests;
			productName = TEXT2SPEECHUITests;
			productReference = 51066152224F2D63006EA85D /* TEXT2SPEECHUITests.xctest */;
			productType = "com.apple.product-type.bundle.ui-testing";
		};
/* End PBXNativeTarget section */

/* Begin PBXProject section */
		5106612B224F2D61006EA85D /* Project object */ = {
			isa = PBXProject;
			attributes = {
				LastSwiftUpdateCheck = 1010;
				LastUpgradeCheck = 1010;
				ORGANIZATIONNAME = "Harshubh Meherishi";
				TargetAttributes = {
					51066132224F2D61006EA85D = {
						CreatedOnToolsVersion = 10.1;
					};
					51066146224F2D63006EA85D = {
						CreatedOnToolsVersion = 10.1;
						TestTargetID = 51066132224F2D61006EA85D;
					};
					51066151224F2D63006EA85D = {
						CreatedOnToolsVersion = 10.1;
						TestTargetID = 51066132224F2D61006EA85D;
					};
				};
			};
			buildConfigurationList = 5106612E224F2D61006EA85D /* Build configuration list for PBXProject "TEXT2SPEECH" */;
			compatibilityVersion = "Xcode 9.3";
			developmentRegion = en;
			hasScannedForEncodings = 0;
			knownRegions = (
				en,
				Base,
			);
			mainGroup = 5106612A224F2D61006EA85D;
			productRefGroup = 51066134224F2D61006EA85D /* Products */;
			projectDirPath = "";
			projectRoot = "";
			targets = (
				51066132224F2D61006EA85D /* TEXT2SPEECH */,
				51066146224F2D63006EA85D /* TEXT2SPEECHTests */,
				51066151224F2D63006EA85D /* TEXT2SPEECHUITests */,
			);
		};
/* End PBXProject section */

/* Begin PBXResourcesBuildPhase section */
		51066131224F2D61006EA85D /* Resources */ = {
			isa = PBXResourcesBuildPhase;
			buildActionMask = 2147483647;
			files = (
				51066141224F2D62006EA85D /* LaunchScreen.storyboard in Resources */,
				5106613E224F2D62006EA85D /* Assets.xcassets in Resources */,
				5106613C224F2D61006EA85D /* Main.storyboard in Resources */,
			);
			runOnlyForDeploymentPostprocessing = 0;
		};
		51066145224F2D63006EA85D /* Resources */ = {
			isa = PBXResourcesBuildPhase;
			buildActionMask = 2147483647;
			files = (
			);
			runOnlyForDeploymentPostprocessing = 0;
		};
		51066150224F2D63006EA85D /* Resources */ = {
			isa = PBXResourcesBuildPhase;
			buildActionMask = 2147483647;
			files = (
			);
			runOnlyForDeploymentPostprocessing = 0;
		};
/* End PBXResourcesBuildPhase section */

/* Begin PBXSourcesBuildPhase section */
		5106612F224F2D61006EA85D /* Sources */ = {
			isa = PBXSourcesBuildPhase;
			buildActionMask = 2147483647;
			files = (
				5143DDA9224F49CC007695F8 /* ViewController.swift in Sources */,
				51066137224F2D61006EA85D /* AppDelegate.swift in Sources */,
			);
			runOnlyForDeploymentPostprocessing = 0;
		};
		51066143224F2D63006EA85D /* Sources */ = {
			isa = PBXSourcesBuildPhase;
			buildActionMask = 2147483647;
			files = (
				5106614C224F2D63006EA85D /* TEXT2SPEECHTests.swift in Sources */,
			);
			runOnlyForDeploymentPostprocessing = 0;
		};
		5106614E224F2D63006EA85D /* Sources */ = {
			isa = PBXSourcesBuildPhase;
			buildActionMask = 2147483647;
			files = (
				51066157224F2D63006EA85D /* TEXT2SPEECHUITests.swift in Sources */,
			);
			runOnlyForDeploymentPostprocessing = 0;
		};
/* End PBXSourcesBuildPhase section */

/* Begin PBXTargetDependency section */
		51066149224F2D63006EA85D /* PBXTargetDependency */ = {
			isa = PBXTargetDependency;
			target = 51066132224F2D61006EA85D /* TEXT2SPEECH */;
			targetProxy = 51066148224F2D63006EA85D /* PBXContainerItemProxy */;
		};
		51066154224F2D63006EA85D /* PBXTargetDependency */ = {
			isa = PBXTargetDependency;
			target = 51066132224F2D61006EA85D /* TEXT2SPEECH */;
			targetProxy = 51066153224F2D63006EA85D /* PBXContainerItemProxy */;
		};
/* End PBXTargetDependency section */

/* Begin PBXVariantGroup section */
		5106613A224F2D61006EA85D /* Main.storyboard */ = {
			isa = PBXVariantGroup;
			children = (
				5106613B224F2D61006EA85D /* Base */,
			);
			name = Main.storyboard;
			sourceTree = "<group>";
		};
		5106613F224F2D62006EA85D /* LaunchScreen.storyboard */ = {
			isa = PBXVariantGroup;
			children = (
				51066140224F2D62006EA85D /* Base */,
			);
			name = LaunchScreen.storyboard;
			sourceTree = "<group>";
		};
/* End PBXVariantGroup section */

/* Begin XCBuildConfiguration section */
		51066159224F2D63006EA85D /* Debug */ = {
			isa = XCBuildConfiguration;
			buildSettings = {
				ALWAYS_SEARCH_USER_PATHS = NO;
				CLANG_ANALYZER_NONNULL = YES;
				CLANG_ANALYZER_NUMBER_OBJECT_CONVERSION = YES_AGGRESSIVE;
				CLANG_CXX_LANGUAGE_STANDARD = "gnu++14";
				CLANG_CXX_LIBRARY = "libc++";
				CLANG_ENABLE_MODULES = YES;
				CLANG_ENABLE_OBJC_ARC = YES;
				CLANG_ENABLE_OBJC_WEAK = YES;
				CLANG_WARN_BLOCK_CAPTURE_AUTORELEASING = YES;
				CLANG_WARN_BOOL_CONVERSION = YES;
				CLANG_WARN_COMMA = YES;
				CLANG_WARN_CONSTANT_CONVERSION = YES;
				CLANG_WARN_DEPRECATED_OBJC_IMPLEMENTATIONS = YES;
				CLANG_WARN_DIRECT_OBJC_ISA_USAGE = YES_ERROR;
				CLANG_WARN_DOCUMENTATION_COMMENTS = YES;
				CLANG_WARN_EMPTY_BODY = YES;
				CLANG_WARN_ENUM_CONVERSION = YES;
				CLANG_WARN_INFINITE_RECURSION = YES;
				CLANG_WARN_INT_CONVERSION = YES;
				CLANG_WARN_NON_LITERAL_NULL_CONVERSION = YES;
				CLANG_WARN_OBJC_IMPLICIT_RETAIN_SELF = YES;
				CLANG_WARN_OBJC_LITERAL_CONVERSION = YES;
				CLANG_WARN_OBJC_ROOT_CLASS = YES_ERROR;
				CLANG_WARN_RANGE_LOOP_ANALYSIS = YES;
				CLANG_WARN_STRICT_PROTOTYPES = YES;
				CLANG_WARN_SUSPICIOUS_MOVE = YES;
				CLANG_WARN_UNGUARDED_AVAILABILITY = YES_AGGRESSIVE;
				CLANG_WARN_UNREACHABLE_CODE = YES;
				CLANG_WARN__DUPLICATE_METHOD_MATCH = YES;
				CODE_SIGN_IDENTITY = "iPhone Developer";
				COPY_PHASE_STRIP = NO;
				DEBUG_INFORMATION_FORMAT = dwarf;
				ENABLE_STRICT_OBJC_MSGSEND = YES;
				ENABLE_TESTABILITY = YES;
				GCC_C_LANGUAGE_STANDARD = gnu11;
				GCC_DYNAMIC_NO_PIC = NO;
				GCC_NO_COMMON_BLOCKS = YES;
				GCC_OPTIMIZATION_LEVEL = 0;
				GCC_PREPROCESSOR_DEFINITIONS = (
					"DEBUG=1",
					"$(inherited)",
				);
				GCC_WARN_64_TO_32_BIT_CONVERSION = YES;
				GCC_WARN_ABOUT_RETURN_TYPE = YES_ERROR;
				GCC_WARN_UNDECLARED_SELECTOR = YES;
				GCC_WARN_UNINITIALIZED_AUTOS = YES_AGGRESSIVE;
				GCC_WARN_UNUSED_FUNCTION = YES;
				GCC_WARN_UNUSED_VARIABLE = YES;
				IPHONEOS_DEPLOYMENT_TARGET = 12.1;
				MTL_ENABLE_DEBUG_INFO = INCLUDE_SOURCE;
				MTL_FAST_MATH = YES;
				ONLY_ACTIVE_ARCH = YES;
				SDKROOT = iphoneos;
				SWIFT_ACTIVE_COMPILATION_CONDITIONS = DEBUG;
				SWIFT_OPTIMIZATION_LEVEL = "-Onone";
			};
			name = Debug;
		};
		5106615A224F2D63006EA85D /* Release */ = {
			isa = XCBuildConfiguration;
			buildSettings = {
				ALWAYS_SEARCH_USER_PATHS = NO;
				CLANG_ANALYZER_NONNULL = YES;
				CLANG_ANALYZER_NUMBER_OBJECT_CONVERSION = YES_AGGRESSIVE;
				CLANG_CXX_LANGUAGE_STANDARD = "gnu++14";
				CLANG_CXX_LIBRARY = "libc++";
				CLANG_ENABLE_MODULES = YES;
				CLANG_ENABLE_OBJC_ARC = YES;
				CLANG_ENABLE_OBJC_WEAK = YES;
				CLANG_WARN_BLOCK_CAPTURE_AUTORELEASING = YES;
				CLANG_WARN_BOOL_CONVERSION = YES;
				CLANG_WARN_COMMA = YES;
				CLANG_WARN_CONSTANT_CONVERSION = YES;
				CLANG_WARN_DEPRECATED_OBJC_IMPLEMENTATIONS = YES;
				CLANG_WARN_DIRECT_OBJC_ISA_USAGE = YES_ERROR;
				CLANG_WARN_DOCUMENTATION_COMMENTS = YES;
				CLANG_WARN_EMPTY_BODY = YES;
				CLANG_WARN_ENUM_CONVERSION = YES;
				CLANG_WARN_INFINITE_RECURSION = YES;
				CLANG_WARN_INT_CONVERSION = YES;
				CLANG_WARN_NON_LITERAL_NULL_CONVERSION = YES;
				CLANG_WARN_OBJC_IMPLICIT_RETAIN_SELF = YES;
				CLANG_WARN_OBJC_LITERAL_CONVERSION = YES;
				CLANG_WARN_OBJC_ROOT_CLASS = YES_ERROR;
				CLANG_WARN_RANGE_LOOP_ANALYSIS = YES;
				CLANG_WARN_STRICT_PROTOTYPES = YES;
				CLANG_WARN_SUSPICIOUS_MOVE = YES;
				CLANG_WARN_UNGUARDED_AVAILABILITY = YES_AGGRESSIVE;
				CLANG_WARN_UNREACHABLE_CODE = YES;
				CLANG_WARN__DUPLICATE_METHOD_MATCH = YES;
				CODE_SIGN_IDENTITY = "iPhone Developer";
				COPY_PHASE_STRIP = NO;
				DEBUG_INFORMATION_FORMAT = "dwarf-with-dsym";
				ENABLE_NS_ASSERTIONS = NO;
				ENABLE_STRICT_OBJC_MSGSEND = YES;
				GCC_C_LANGUAGE_STANDARD = gnu11;
				GCC_NO_COMMON_BLOCKS = YES;
				GCC_WARN_64_TO_32_BIT_CONVERSION = YES;
				GCC_WARN_ABOUT_RETURN_TYPE = YES_ERROR;
				GCC_WARN_UNDECLARED_SELECTOR = YES;
				GCC_WARN_UNINITIALIZED_AUTOS = YES_AGGRESSIVE;
				GCC_WARN_UNUSED_FUNCTION = YES;
				GCC_WARN_UNUSED_VARIABLE = YES;
				IPHONEOS_DEPLOYMENT_TARGET = 12.1;
				MTL_ENABLE_DEBUG_INFO = NO;
				MTL_FAST_MATH = YES;
				SDKROOT = iphoneos;
				SWIFT_COMPILATION_MODE = wholemodule;
				SWIFT_OPTIMIZATION_LEVEL = "-O";
				VALIDATE_PRODUCT = YES;
			};
			name = Release;
		};
		5106615C224F2D63006EA85D /* Debug */ = {
			isa = XCBuildConfiguration;
			buildSettings = {
				ASSETCATALOG_COMPILER_APPICON_NAME = AppIcon;
				CODE_SIGN_STYLE = Automatic;
				INFOPLIST_FILE = TEXT2SPEECH/Info.plist;
				LD_RUNPATH_SEARCH_PATHS = (
					"$(inherited)",
					"@executable_path/Frameworks",
				);
				PRODUCT_BUNDLE_IDENTIFIER = Harshubh.TEXT2SPEECH;
				PRODUCT_NAME = "$(TARGET_NAME)";
				SWIFT_VERSION = 4.2;
				TARGETED_DEVICE_FAMILY = "1,2";
			};
			name = Debug;
		};
		5106615D224F2D63006EA85D /* Release */ = {
			isa = XCBuildConfiguration;
			buildSettings = {
				ASSETCATALOG_COMPILER_APPICON_NAME = AppIcon;
				CODE_SIGN_STYLE = Automatic;
				INFOPLIST_FILE = TEXT2SPEECH/Info.plist;
				LD_RUNPATH_SEARCH_PATHS = (
					"$(inherited)",
					"@executable_path/Frameworks",
				);
				PRODUCT_BUNDLE_IDENTIFIER = Harshubh.TEXT2SPEECH;
				PRODUCT_NAME = "$(TARGET_NAME)";
				SWIFT_VERSION = 4.2;
				TARGETED_DEVICE_FAMILY = "1,2";
			};
			name = Release;
		};
		5106615F224F2D63006EA85D /* Debug */ = {
			isa = XCBuildConfiguration;
			buildSettings = {
				ALWAYS_EMBED_SWIFT_STANDARD_LIBRARIES = YES;
				BUNDLE_LOADER = "$(TEST_HOST)";
				CODE_SIGN_STYLE = Automatic;
				INFOPLIST_FILE = TEXT2SPEECHTests/Info.plist;
				LD_RUNPATH_SEARCH_PATHS = (
					"$(inherited)",
					"@executable_path/Frameworks",
					"@loader_path/Frameworks",
				);
				PRODUCT_BUNDLE_IDENTIFIER = Harshubh.TEXT2SPEECHTests;
				PRODUCT_NAME = "$(TARGET_NAME)";
				SWIFT_VERSION = 4.2;
				TARGETED_DEVICE_FAMILY = "1,2";
				TEST_HOST = "$(BUILT_PRODUCTS_DIR)/TEXT2SPEECH.app/TEXT2SPEECH";
			};
			name = Debug;
		};
		51066160224F2D63006EA85D /* Release */ = {
			isa = XCBuildConfiguration;
			buildSettings = {
				ALWAYS_EMBED_SWIFT_STANDARD_LIBRARIES = YES;
				BUNDLE_LOADER = "$(TEST_HOST)";
				CODE_SIGN_STYLE = Automatic;
				INFOPLIST_FILE = TEXT2SPEECHTests/Info.plist;
				LD_RUNPATH_SEARCH_PATHS = (
					"$(inherited)",
					"@executable_path/Frameworks",
					"@loader_path/Frameworks",
				);
				PRODUCT_BUNDLE_IDENTIFIER = Harshubh.TEXT2SPEECHTests;
				PRODUCT_NAME = "$(TARGET_NAME)";
				SWIFT_VERSION = 4.2;
				TARGETED_DEVICE_FAMILY = "1,2";
				TEST_HOST = "$(BUILT_PRODUCTS_DIR)/TEXT2SPEECH.app/TEXT2SPEECH";
			};
			name = Release;
		};
		51066162224F2D63006EA85D /* Debug */ = {
			isa = XCBuildConfiguration;
			buildSettings = {
				ALWAYS_EMBED_SWIFT_STANDARD_LIBRARIES = YES;
				CODE_SIGN_STYLE = Automatic;
				INFOPLIST_FILE = TEXT2SPEECHUITests/Info.plist;
				LD_RUNPATH_SEARCH_PATHS = (
					"$(inherited)",
					"@executable_path/Frameworks",
					"@loader_path/Frameworks",
				);
				PRODUCT_BUNDLE_IDENTIFIER = Harshubh.TEXT2SPEECHUITests;
				PRODUCT_NAME = "$(TARGET_NAME)";
				SWIFT_VERSION = 4.2;
				TARGETED_DEVICE_FAMILY = "1,2";
				TEST_TARGET_NAME = TEXT2SPEECH;
			};
			name = Debug;
		};
		51066163224F2D63006EA85D /* Release */ = {
			isa = XCBuildConfiguration;
			buildSettings = {
				ALWAYS_EMBED_SWIFT_STANDARD_LIBRARIES = YES;
				CODE_SIGN_STYLE = Automatic;
				INFOPLIST_FILE = TEXT2SPEECHUITests/Info.plist;
				LD_RUNPATH_SEARCH_PATHS = (
					"$(inherited)",
					"@executable_path/Frameworks",
					"@loader_path/Frameworks",
				);
				PRODUCT_BUNDLE_IDENTIFIER = Harshubh.TEXT2SPEECHUITests;
				PRODUCT_NAME = "$(TARGET_NAME)";
				SWIFT_VERSION = 4.2;
				TARGETED_DEVICE_FAMILY = "1,2";
				TEST_TARGET_NAME = TEXT2SPEECH;
			};
			name = Release;
		};
/* End XCBuildConfiguration section */

/* Begin XCConfigurationList section */
		5106612E224F2D61006EA85D /* Build configuration list for PBXProject "TEXT2SPEECH" */ = {
			isa = XCConfigurationList;
			buildConfigurations = (
				51066159224F2D63006EA85D /* Debug */,
				5106615A224F2D63006EA85D /* Release */,
			);
			defaultConfigurationIsVisible = 0;
			defaultConfigurationName = Release;
		};
		5106615B224F2D63006EA85D /* Build configuration list for PBXNativeTarget "TEXT2SPEECH" */ = {
			isa = XCConfigurationList;
			buildConfigurations = (
				5106615C224F2D63006EA85D /* Debug */,
				5106615D224F2D63006EA85D /* Release */,
			);
			defaultConfigurationIsVisible = 0;
			defaultConfigurationName = Release;
		};
		5106615E224F2D63006EA85D /* Build configuration list for PBXNativeTarget "TEXT2SPEECHTests" */ = {
			isa = XCConfigurationList;
			buildConfigurations = (
				5106615F224F2D63006EA85D /* Debug */,
				51066160224F2D63006EA85D /* Release */,
			);
			defaultConfigurationIsVisible = 0;
			defaultConfigurationName = Release;
		};
		51066161224F2D63006EA85D /* Build configuration list for PBXNativeTarget "TEXT2SPEECHUITests" */ = {
			isa = XCConfigurationList;
			buildConfigurations = (
				51066162224F2D63006EA85D /* Debug */,
				51066163224F2D63006EA85D /* Release */,
			);
			defaultConfigurationIsVisible = 0;
			defaultConfigurationName = Release;
		};
/* End XCConfigurationList section */
	};
	rootObject = 5106612B224F2D61006EA85D /* Project object */;
}
